
Microsoft Visual Studio Solution File, Format Version 12.00
# Visual Studio Version 16
VisualStudioVersion = 16.0.30225.117
MinimumVisualStudioVersion = 10.0.40219.1
Project("{9A19103F-16F7-4668-BE54-9A1E7A4F7556}") = "Hubcar.Portal.Web", "Hubcar.Portal.Web.csproj", "{F7758140-0812-42C3-AC43-6CB067401054}"
	ProjectSection(ProjectDependencies) = postProject
		{76B43041-1FD5-410D-82F4-7D8F79CA9E19} = {76B43041-1FD5-410D-82F4-7D8F79CA9E19}
	EndProjectSection
EndProject
Project("{9A19103F-16F7-4668-BE54-9A1E7A4F7556}") = "Hubcar.Domain", "..\Domain\Hubcar.Domain.csproj", "{76B43041-1FD5-410D-82F4-7D8F79CA9E19}"
EndProject
Project("{F184B08F-C81C-45F6-A57F-5ABD9991F28F}") = "Hubcar.DataBase", "..\Hubcar.DataBase\Hubcar.DataBase.vbproj", "{6504EB0C-C952-431D-BDE9-42D106B2ECD4}"
EndProject
Global
	GlobalSection(SolutionConfigurationPlatforms) = preSolution
		Debug|Any CPU = Debug|Any CPU
		Release|Any CPU = Release|Any CPU
	EndGlobalSection
	GlobalSection(ProjectConfigurationPlatforms) = postSolution
		{F7758140-0812-42C3-AC43-6CB067401054}.Debug|Any CPU.ActiveCfg = Debug|Any CPU
		{F7758140-0812-42C3-AC43-6CB067401054}.Debug|Any CPU.Build.0 = Debug|Any CPU
		{F7758140-0812-42C3-AC43-6CB067401054}.Release|Any CPU.ActiveCfg = Release|Any CPU
		{F7758140-0812-42C3-AC43-6CB067401054}.Release|Any CPU.Build.0 = Release|Any CPU
		{76B43041-1FD5-410D-82F4-7D8F79CA9E19}.Debug|Any CPU.ActiveCfg = Debug|Any CPU
		{76B43041-1FD5-410D-82F4-7D8F79CA9E19}.Debug|Any CPU.Build.0 = Debug|Any CPU
		{76B43041-1FD5-410D-82F4-7D8F79CA9E19}.Release|Any CPU.ActiveCfg = Release|Any CPU
		{76B43041-1FD5-410D-82F4-7D8F79CA9E19}.Release|Any CPU.Build.0 = Release|Any CPU
		{6504EB0C-C952-431D-BDE9-42D106B2ECD4}.Debug|Any CPU.ActiveCfg = Debug|Any CPU
		{6504EB0C-C952-431D-BDE9-42D106B2ECD4}.Debug|Any CPU.Build.0 = Debug|Any CPU
		{6504EB0C-C952-431D-BDE9-42D106B2ECD4}.Release|Any CPU.ActiveCfg = Release|Any CPU
		{6504EB0C-C952-431D-BDE9-42D106B2ECD4}.Release|Any CPU.Build.0 = Release|Any CPU
	EndGlobalSection
	GlobalSection(SolutionProperties) = preSolution
		HideSolutionNode = FALSE
	EndGlobalSection
	GlobalSection(ExtensibilityGlobals) = postSolution
		SolutionGuid = {0EA8FF55-E060-412A-B73F-347D07A235A9}
	EndGlobalSection
EndGlobal
